
Microsoft Visual Studio Solution File, Format Version 12.00
# Visual Studio 15
Project("{FAE04EC0-301F-11D3-BF4B-00C04F79EFBC}") = "Assembly-CSharp", "Assembly-CSharp.csproj", "{378EA4BC-762C-0D12-925F-63EDC633479E}"
EndProject
Global
	GlobalSection(SolutionConfigurationPlatforms) = preSolution
		Debug|Any CPU = Debug|Any CPU
		Release|Any CPU = Release|Any CPU
	EndGlobalSection
	GlobalSection(ProjectConfigurationPlatforms) = postSolution
		{378EA4BC-762C-0D12-925F-63EDC633479E}.Debug|Any CPU.ActiveCfg = Debug|Any CPU
		{378EA4BC-762C-0D12-925F-63EDC633479E}.Debug|Any CPU.Build.0 = Debug|Any CPU
		{378EA4BC-762C-0D12-925F-63EDC633479E}.Release|Any CPU.ActiveCfg = Release|Any CPU
		{378EA4BC-762C-0D12-925F-63EDC633479E}.Release|Any CPU.Build.0 = Release|Any CPU
	EndGlobalSection
	GlobalSection(SolutionProperties) = preSolution
		HideSolutionNode = FALSE
	EndGlobalSection
EndGlobal
